// !$*UTF8*$!
{
	archiveVersion = 1;
	classes = {
	};
	objectVersion = 50;
	objects = {

/* Begin PBXBuildFile section */
		AC069AF123584D470061E250 /* AppDelegate.m in Sources */ = {isa = PBXBuildFile; fileRef = AC069AF023584D470061E250 /* AppDelegate.m */; };
		AC069AF423584D470061E250 /* SceneDelegate.m in Sources */ = {isa = PBXBuildFile; fileRef = AC069AF323584D470061E250 /* SceneDelegate.m */; };
		AC069AF723584D470061E250 /* ViewController.m in Sources */ = {isa = PBXBuildFile; fileRef = AC069AF623584D470061E250 /* ViewController.m */; };
		AC069AFA23584D470061E250 /* Main.storyboard in Resources */ = {isa = PBXBuildFile; fileRef = AC069AF823584D470061E250 /* Main.storyboard */; };
		AC069AFC23584D4C0061E250 /* Assets.xcassets in Resources */ = {isa = PBXBuildFile; fileRef = AC069AFB23584D4C0061E250 /* Assets.xcassets */; };
		AC069AFF23584D4C0061E250 /* LaunchScreen.storyboard in Resources */ = {isa = PBXBuildFile; fileRef = AC069AFD23584D4C0061E250 /* LaunchScreen.storyboard */; };
		AC069B0223584D4C0061E250 /* main.m in Sources */ = {isa = PBXBuildFile; fileRef = AC069B0123584D4C0061E250 /* main.m */; };
/* End PBXBuildFile section */

/* Begin PBXFileReference section */
		AC069AEC23584D470061E250 /* ZGTest.app */ = {isa = PBXFileReference; explicitFileType = wrapper.application; includeInIndex = 0; path = ZGTest.app; sourceTree = BUILT_PRODUCTS_DIR; };
		AC069AEF23584D470061E250 /* AppDelegate.h */ = {isa = PBXFileReference; lastKnownFileType = sourcecode.c.h; path = AppDelegate.h; sourceTree = "<group>"; };
		AC069AF023584D470061E250 /* AppDelegate.m */ = {isa = PBXFileReference; lastKnownFileType = sourcecode.c.objc; path = AppDelegate.m; sourceTree = "<group>"; };
		AC069AF223584D470061E250 /* SceneDelegate.h */ = {isa = PBXFileReference; lastKnownFileType = sourcecode.c.h; path = SceneDelegate.h; sourceTree = "<group>"; };
		AC069AF323584D470061E250 /* SceneDelegate.m */ = {isa = PBXFileReference; lastKnownFileType = sourcecode.c.objc; path = SceneDelegate.m; sourceTree = "<group>"; };
		AC069AF523584D470061E250 /* ViewController.h */ = {isa = PBXFileReference; lastKnownFileType = sourcecode.c.h; path = ViewController.h; sourceTree = "<group>"; };
		AC069AF623584D470061E250 /* ViewController.m */ = {isa = PBXFileReference; lastKnownFileType = sourcecode.c.objc; path = ViewController.m; sourceTree = "<group>"; };
		AC069AF923584D470061E250 /* Base */ = {isa = PBXFileReference; lastKnownFileType = file.storyboard; name = Base; path = Base.lproj/Main.storyboard; sourceTree = "<group>"; };
		AC069AFB23584D4C0061E250 /* Assets.xcassets */ = {isa = PBXFileReference; lastKnownFileType = folder.assetcatalog; path = Assets.xcassets; sourceTree = "<group>"; };
		AC069AFE23584D4C0061E250 /* Base */ = {isa = PBXFileReference; lastKnownFileType = file.storyboard; name = Base; path = Base.lproj/LaunchScreen.storyboard; sourceTree = "<group>"; };
		AC069B0023584D4C0061E250 /* Info.plist */ = {isa = PBXFileReference; lastKnownFileType = text.plist.xml; path = Info.plist; sourceTree = "<group>"; };
		AC069B0123584D4C0061E250 /* main.m */ = {isa = PBXFileReference; lastKnownFileType = sourcecode.c.objc; path = main.m; sourceTree = "<group>"; };
/* End PBXFileReference section */

/* Begin PBXFrameworksBuildPhase section */
		AC069AE923584D470061E250 /* Frameworks */ = {
			isa = PBXFrameworksBuildPhase;
			buildActionMask = 2147483647;
			files = (
			);
			runOnlyForDeploymentPostprocessing = 0;
		};
/* End PBXFrameworksBuildPhase section */

/* Begin PBXGroup section */
		AC069AE323584D470061E250 = {
			isa = PBXGroup;
			children = (
				AC069AEE23584D470061E250 /* ZGTest */,
				AC069AED23584D470061E250 /* Products */,
			);
			sourceTree = "<group>";
		};
		AC069AED23584D470061E250 /* Products */ = {
			isa = PBXGroup;
			children = (
				AC069AEC23584D470061E250 /* ZGTest.app */,
			);
			name = Products;
			sourceTree = "<group>";
		};
		AC069AEE23584D470061E250 /* ZGTest */ = {
			isa = PBXGroup;
			children = (
				AC069AEF23584D470061E250 /* AppDelegate.h */,
				AC069AF023584D470061E250 /* AppDelegate.m */,
				AC069AF223584D470061E250 /* SceneDelegate.h */,
				AC069AF323584D470061E250 /* SceneDelegate.m */,
				AC069AF523584D470061E250 /* ViewController.h */,
				AC069AF623584D470061E250 /* ViewController.m */,
				AC069AF823584D470061E250 /* Main.storyboard */,
				AC069AFB23584D4C0061E250 /* Assets.xcassets */,
				AC069AFD23584D4C0061E250 /* LaunchScreen.storyboard */,
				AC069B0023584D4C0061E250 /* Info.plist */,
				AC069B0123584D4C0061E250 /* main.m */,
			);
			path = ZGTest;
			sourceTree = "<group>";
		};
/* End PBXGroup section */

/* Begin PBXNativeTarget section */
		AC069AEB23584D470061E250 /* ZGTest */ = {
			isa = PBXNativeTarget;
			buildConfigurationList = AC069B0523584D4C0061E250 /* Build configuration list for PBXNativeTarget "ZGTest" */;
			buildPhases = (
				AC069AE823584D470061E250 /* Sources */,
				AC069AE923584D470061E250 /* Frameworks */,
				AC069AEA23584D470061E250 /* Resources */,
			);
			buildRules = (
			);
			dependencies = (
			);
			name = ZGTest;
			productName = ZGTest;
			productReference = AC069AEC23584D470061E250 /* ZGTest.app */;
			productType = "com.apple.product-type.application";
		};
/* End PBXNativeTarget section */

/* Begin PBXProject section */
		AC069AE423584D470061E250 /* Project object */ = {
			isa = PBXProject;
			attributes = {
				LastUpgradeCheck = 1110;
				ORGANIZATIONNAME = "中公教育";
				TargetAttributes = {
					AC069AEB23584D470061E250 = {
						CreatedOnToolsVersion = 11.1;
					};
				};
			};
			buildConfigurationList = AC069AE723584D470061E250 /* Build configuration list for PBXProject "ZGTest" */;
			compatibilityVersion = "Xcode 9.3";
			developmentRegion = en;
			hasScannedForEncodings = 0;
			knownRegions = (
				en,
				Base,
			);
			mainGroup = AC069AE323584D470061E250;
			productRefGroup = AC069AED23584D470061E250 /* Products */;
			projectDirPath = "";
			projectRoot = "";
			targets = (
				AC069AEB23584D470061E250 /* ZGTest */,
			);
		};
/* End PBXProject section */

/* Begin PBXResourcesBuildPhase section */
		AC069AEA23584D470061E250 /* Resources */ = {
			isa = PBXResourcesBuildPhase;
			buildActionMask = 2147483647;
			files = (
				AC069AFF23584D4C0061E250 /* LaunchScreen.storyboard in Resources */,
				AC069AFC23584D4C0061E250 /* Assets.xcassets in Resources */,
				AC069AFA23584D470061E250 /* Main.storyboard in Resources */,
			);
			runOnlyForDeploymentPostprocessing = 0;
		};
/* End PBXResourcesBuildPhase section */

/* Begin PBXSourcesBuildPhase section */
		AC069AE823584D470061E250 /* Sources */ = {
			isa = PBXSourcesBuildPhase;
			buildActionMask = 2147483647;
			files = (
				AC069AF723584D470061E250 /* ViewController.m in Sources */,
				AC069AF123584D470061E250 /* AppDelegate.m in Sources */,
				AC069B0223584D4C0061E250 /* main.m in Sources */,
				AC069AF423584D470061E250 /* SceneDelegate.m in Sources */,
			);
			runOnlyForDeploymentPostprocessing = 0;
		};
/* End PBXSourcesBuildPhase section */

/* Begin PBXVariantGroup section */
		AC069AF823584D470061E250 /* Main.storyboard */ = {
			isa = PBXVariantGroup;
			children = (
				AC069AF923584D470061E250 /* Base */,
			);
			name = Main.storyboard;
			sourceTree = "<group>";
		};
		AC069AFD23584D4C0061E250 /* LaunchScreen.storyboard */ = {
			isa = PBXVariantGroup;
			children = (
				AC069AFE23584D4C0061E250 /* Base */,
			);
			name = LaunchScreen.storyboard;
			sourceTree = "<group>";
		};
/* End PBXVariantGroup section */

/* Begin XCBuildConfiguration section */
		AC069B0323584D4C0061E250 /* Debug */ = {
			isa = XCBuildConfiguration;
			buildSettings = {
				ALWAYS_SEARCH_USER_PATHS = NO;
				CLANG_ANALYZER_NONNULL = YES;
				CLANG_ANALYZER_NUMBER_OBJECT_CONVERSION = YES_AGGRESSIVE;
				CLANG_CXX_LANGUAGE_STANDARD = "gnu++14";
				CLANG_CXX_LIBRARY = "libc++";
				CLANG_ENABLE_MODULES = YES;
				CLANG_ENABLE_OBJC_ARC = YES;
				CLANG_ENABLE_OBJC_WEAK = YES;
				CLANG_WARN_BLOCK_CAPTURE_AUTORELEASING = YES;
				CLANG_WARN_BOOL_CONVERSION = YES;
				CLANG_WARN_COMMA = YES;
				CLANG_WARN_CONSTANT_CONVERSION = YES;
				CLANG_WARN_DEPRECATED_OBJC_IMPLEMENTATIONS = YES;
				CLANG_WARN_DIRECT_OBJC_ISA_USAGE = YES_ERROR;
				CLANG_WARN_DOCUMENTATION_COMMENTS = YES;
				CLANG_WARN_EMPTY_BODY = YES;
				CLANG_WARN_ENUM_CONVERSION = YES;
				CLANG_WARN_INFINITE_RECURSION = YES;
				CLANG_WARN_INT_CONVERSION = YES;
				CLANG_WARN_NON_LITERAL_NULL_CONVERSION = YES;
				CLANG_WARN_OBJC_IMPLICIT_RETAIN_SELF = YES;
				CLANG_WARN_OBJC_LITERAL_CONVERSION = YES;
				CLANG_WARN_OBJC_ROOT_CLASS = YES_ERROR;
				CLANG_WARN_RANGE_LOOP_ANALYSIS = YES;
				CLANG_WARN_STRICT_PROTOTYPES = YES;
				CLANG_WARN_SUSPICIOUS_MOVE = YES;
				CLANG_WARN_UNGUARDED_AVAILABILITY = YES_AGGRESSIVE;
				CLANG_WARN_UNREACHABLE_CODE = YES;
				CLANG_WARN__DUPLICATE_METHOD_MATCH = YES;
				COPY_PHASE_STRIP = NO;
				DEBUG_INFORMATION_FORMAT = dwarf;
				ENABLE_STRICT_OBJC_MSGSEND = YES;
				ENABLE_TESTABILITY = YES;
				GCC_C_LANGUAGE_STANDARD = gnu11;
				GCC_DYNAMIC_NO_PIC = NO;
				GCC_NO_COMMON_BLOCKS = YES;
				GCC_OPTIMIZATION_LEVEL = 0;
				GCC_PREPROCESSOR_DEFINITIONS = (
					"DEBUG=1",
					"$(inherited)",
				);
				GCC_WARN_64_TO_32_BIT_CONVERSION = YES;
				GCC_WARN_ABOUT_RETURN_TYPE = YES_ERROR;
				GCC_WARN_UNDECLARED_SELECTOR = YES;
				GCC_WARN_UNINITIALIZED_AUTOS = YES_AGGRESSIVE;
				GCC_WARN_UNUSED_FUNCTION = YES;
				GCC_WARN_UNUSED_VARIABLE = YES;
				IPHONEOS_DEPLOYMENT_TARGET = 13.1;
				MTL_ENABLE_DEBUG_INFO = INCLUDE_SOURCE;
				MTL_FAST_MATH = YES;
				ONLY_ACTIVE_ARCH = YES;
				SDKROOT = iphoneos;
			};
			name = Debug;
		};
		AC069B0423584D4C0061E250 /* Release */ = {
			isa = XCBuildConfiguration;
			buildSettings = {
				ALWAYS_SEARCH_USER_PATHS = NO;
				CLANG_ANALYZER_NONNULL = YES;
				CLANG_ANALYZER_NUMBER_OBJECT_CONVERSION = YES_AGGRESSIVE;
				CLANG_CXX_LANGUAGE_STANDARD = "gnu++14";
				CLANG_CXX_LIBRARY = "libc++";
				CLANG_ENABLE_MODULES = YES;
				CLANG_ENABLE_OBJC_ARC = YES;
				CLANG_ENABLE_OBJC_WEAK = YES;
				CLANG_WARN_BLOCK_CAPTURE_AUTORELEASING = YES;
				CLANG_WARN_BOOL_CONVERSION = YES;
				CLANG_WARN_COMMA = YES;
				CLANG_WARN_CONSTANT_CONVERSION = YES;
				CLANG_WARN_DEPRECATED_OBJC_IMPLEMENTATIONS = YES;
				CLANG_WARN_DIRECT_OBJC_ISA_USAGE = YES_ERROR;
				CLANG_WARN_DOCUMENTATION_COMMENTS = YES;
				CLANG_WARN_EMPTY_BODY = YES;
				CLANG_WARN_ENUM_CONVERSION = YES;
				CLANG_WARN_INFINITE_RECURSION = YES;
				CLANG_WARN_INT_CONVERSION = YES;
				CLANG_WARN_NON_LITERAL_NULL_CONVERSION = YES;
				CLANG_WARN_OBJC_IMPLICIT_RETAIN_SELF = YES;
				CLANG_WARN_OBJC_LITERAL_CONVERSION = YES;
				CLANG_WARN_OBJC_ROOT_CLASS = YES_ERROR;
				CLANG_WARN_RANGE_LOOP_ANALYSIS = YES;
				CLANG_WARN_STRICT_PROTOTYPES = YES;
				CLANG_WARN_SUSPICIOUS_MOVE = YES;
				CLANG_WARN_UNGUARDED_AVAILABILITY = YES_AGGRESSIVE;
				CLANG_WARN_UNREACHABLE_CODE = YES;
				CLANG_WARN__DUPLICATE_METHOD_MATCH = YES;
				COPY_PHASE_STRIP = NO;
				DEBUG_INFORMATION_FORMAT = "dwarf-with-dsym";
				ENABLE_NS_ASSERTIONS = NO;
				ENABLE_STRICT_OBJC_MSGSEND = YES;
				GCC_C_LANGUAGE_STANDARD = gnu11;
				GCC_NO_COMMON_BLOCKS = YES;
				GCC_WARN_64_TO_32_BIT_CONVERSION = YES;
				GCC_WARN_ABOUT_RETURN_TYPE = YES_ERROR;
				GCC_WARN_UNDECLARED_SELECTOR = YES;
				GCC_WARN_UNINITIALIZED_AUTOS = YES_AGGRESSIVE;
				GCC_WARN_UNUSED_FUNCTION = YES;
				GCC_WARN_UNUSED_VARIABLE = YES;
				IPHONEOS_DEPLOYMENT_TARGET = 13.1;
				MTL_ENABLE_DEBUG_INFO = NO;
				MTL_FAST_MATH = YES;
				SDKROOT = iphoneos;
				VALIDATE_PRODUCT = YES;
			};
			name = Release;
		};
		AC069B0623584D4C0061E250 /* Debug */ = {
			isa = XCBuildConfiguration;
			buildSettings = {
				ASSETCATALOG_COMPILER_APPICON_NAME = AppIcon;
				CODE_SIGN_STYLE = Automatic;
				INFOPLIST_FILE = ZGTest/Info.plist;
				LD_RUNPATH_SEARCH_PATHS = (
					"$(inherited)",
					"@executable_path/Frameworks",
				);
				PRODUCT_BUNDLE_IDENTIFIER = ZG.ZGTest;
				PRODUCT_NAME = "$(TARGET_NAME)";
				TARGETED_DEVICE_FAMILY = "1,2";
			};
			name = Debug;
		};
		AC069B0723584D4C0061E250 /* Release */ = {
			isa = XCBuildConfiguration;
			buildSettings = {
				ASSETCATALOG_COMPILER_APPICON_NAME = AppIcon;
				CODE_SIGN_STYLE = Automatic;
				INFOPLIST_FILE = ZGTest/Info.plist;
				LD_RUNPATH_SEARCH_PATHS = (
					"$(inherited)",
					"@executable_path/Frameworks",
				);
				PRODUCT_BUNDLE_IDENTIFIER = ZG.ZGTest;
				PRODUCT_NAME = "$(TARGET_NAME)";
				TARGETED_DEVICE_FAMILY = "1,2";
			};
			name = Release;
		};
/* End XCBuildConfiguration section */

/* Begin XCConfigurationList section */
		AC069AE723584D470061E250 /* Build configuration list for PBXProject "ZGTest" */ = {
			isa = XCConfigurationList;
			buildConfigurations = (
				AC069B0323584D4C0061E250 /* Debug */,
				AC069B0423584D4C0061E250 /* Release */,
			);
			defaultConfigurationIsVisible = 0;
			defaultConfigurationName = Release;
		};
		AC069B0523584D4C0061E250 /* Build configuration list for PBXNativeTarget "ZGTest" */ = {
			isa = XCConfigurationList;
			buildConfigurations = (
				AC069B0623584D4C0061E250 /* Debug */,
				AC069B0723584D4C0061E250 /* Release */,
			);
			defaultConfigurationIsVisible = 0;
			defaultConfigurationName = Release;
		};
/* End XCConfigurationList section */
	};
	rootObject = AC069AE423584D470061E250 /* Project object */;
}
